<?xml version="1.0" encoding="utf-8"?>
<Project ToolsVersion="4.0" xmlns="http://schemas.microsoft.com/developer/msbuild/2003">
  <ItemGroup>
    <Filter Include="Source Files">
      <UniqueIdentifier>{4FC737F1-C7A5-4376-A066-2A32D752A2FF}</UniqueIdentifier>
      <Extensions>cpp;c;cc;cxx;def;odl;idl;hpj;bat;asm;asmx</Extensions>
    </Filter>
    <Filter Include="Header Files">
      <UniqueIdentifier>{93995380-89BD-4b04-88EB-625FBE52EBFB}</UniqueIdentifier>
      <Extensions>h;hpp;hxx;hm;inl;inc;xsd</Extensions>
    </Filter>
    <Filter Include="Resource Files">
      <UniqueIdentifier>{67DA6AB6-F800-4c08-8B7A-83BB121AAD01}</UniqueIdentifier>
      <Extensions>rc;ico;cur;bmp;dlg;rc2;rct;bin;rgs;gif;jpg;jpeg;jpe;resx;tiff;tif;png;wav;mfcribbon-ms</Extensions>
    </Filter>
    <Filter Include="Header Files\Test">
      <UniqueIdentifier>{3c17bb3e-35d8-448d-bfe7-32a017a9f419}</UniqueIdentifier>
    </Filter>
    <Filter Include="Source Files\Views">
      <UniqueIdentifier>{9bcc1945-c6f7-49d4-ab96-ee0c0d72ced7}</UniqueIdentifier>
    </Filter>
    <Filter Include="Source Files\Utils">
      <UniqueIdentifier>{c3cda345-d99e-413e-88b5-b5e49c8a44c0}</UniqueIdentifier>
    </Filter>
    <Filter Include="Source Files\Managers">
      <UniqueIdentifier>{30e8cc08-e5e5-488e-a493-0ac6895d0737}</UniqueIdentifier>
    </Filter>
    <Filter Include="Source Files\GameStates">
      <UniqueIdentifier>{ab1861d0-10f5-4e64-9f49-9bf8c8046c4b}</UniqueIdentifier>
    </Filter>
    <Filter Include="Source Files\GameObjects">
      <UniqueIdentifier>{82aadcfd-263b-46f2-82d4-842ed7e712cd}</UniqueIdentifier>
    </Filter>
    <Filter Include="Resource Files\Images">
      <UniqueIdentifier>{0e2d3bb3-3029-47bc-852a-b07c3986c2d4}</UniqueIdentifier>
    </Filter>
    <Filter Include="Source Files\Test">
      <UniqueIdentifier>{e61f3a4d-86c1-4a0c-a866-98ce5eb4e24d}</UniqueIdentifier>
    </Filter>
    <Filter Include="Header Files\Views">
      <UniqueIdentifier>{7db0e6fb-b5d3-4ae8-bdf7-75170e2f43bb}</UniqueIdentifier>
    </Filter>
    <Filter Include="Header Files\Managers">
      <UniqueIdentifier>{fdf84e00-954d-4dc2-b0f8-90f13cd17b1f}</UniqueIdentifier>
    </Filter>
    <Filter Include="Header Files\GameStates">
      <UniqueIdentifier>{dfa4ceb5-5dba-486b-962b-7da6714f3237}</UniqueIdentifier>
    </Filter>
    <Filter Include="Header Files\GameObjects">
      <UniqueIdentifier>{2d391e1b-fb37-4660-9480-a39f5324ce14}</UniqueIdentifier>
    </Filter>
    <Filter Include="Header Files\Utils">
      <UniqueIdentifier>{d70a9ffc-b7f2-4eeb-9098-802af6e511a4}</UniqueIdentifier>
    </Filter>
    <Filter Include="Resource Files\Images\Towers">
      <UniqueIdentifier>{3568df63-1f76-46e4-b2ef-efb8a04f61f4}</UniqueIdentifier>
    </Filter>
  </ItemGroup>
  <ItemGroup>
    <ClInclude Include="include\test\TextureManagerTest.h">
      <Filter>Header Files\Test</Filter>
    </ClInclude>
    <ClInclude Include="include\views\MainMenu.h">
      <Filter>Header Files\Views</Filter>
    </ClInclude>
    <ClInclude Include="include\views\Menu.h">
      <Filter>Header Files\Views</Filter>
    </ClInclude>
    <ClInclude Include="include\gameObjects\GameObject.h">
      <Filter>Header Files\GameObjects</Filter>
    </ClInclude>
    <ClInclude Include="include\gameStates\GameState.h">
      <Filter>Header Files\GameStates</Filter>
    </ClInclude>
    <ClInclude Include="include\gameStates\GameStateMainMenu.h">
      <Filter>Header Files\GameStates</Filter>
    </ClInclude>
    <ClInclude Include="include\gameStates\GameStatePlay.h">
      <Filter>Header Files\GameStates</Filter>
    </ClInclude>
    <ClInclude Include="include\gameStates\GameStateStart.h">
      <Filter>Header Files\GameStates</Filter>
    </ClInclude>
    <ClInclude Include="include\managers\GameObjectManager.h">
      <Filter>Header Files\Managers</Filter>
    </ClInclude>
    <ClInclude Include="include\managers\TextureManager.h">
      <Filter>Header Files\Managers</Filter>
    </ClInclude>
    <ClInclude Include="include\utils\Animation.h">
      <Filter>Header Files\Utils</Filter>
    </ClInclude>
    <ClInclude Include="include\utils\AnimationHandler.h">
      <Filter>Header Files\Utils</Filter>
    </ClInclude>
    <ClInclude Include="include\gameObjects\Critter.h">
      <Filter>Header Files\GameObjects</Filter>
    </ClInclude>
    <ClInclude Include="include\gameObjects\CritterFactory.h">
      <Filter>Header Files\GameObjects</Filter>
    </ClInclude>
    <ClInclude Include="include\gameObjects\WhiteCat.h">
      <Filter>Header Files\GameObjects</Filter>
    </ClInclude>
    <ClInclude Include="include\utils\Waypoint.h">
      <Filter>Header Files\Utils</Filter>
    </ClInclude>
    <ClInclude Include="include\gameObjects\Tile.h">
      <Filter>Header Files\GameObjects</Filter>
    </ClInclude>
    <ClInclude Include="include\Game.h">
      <Filter>Header Files</Filter>
    </ClInclude>
    <ClInclude Include="include\Map.h">
      <Filter>Header Files</Filter>
    </ClInclude>
    <ClInclude Include="include\utils\rapidxml.hpp">
      <Filter>Header Files\Utils</Filter>
    </ClInclude>
    <ClInclude Include="include\utils\rapidxml_print.hpp">
      <Filter>Header Files\Utils</Filter>
    </ClInclude>
    <ClInclude Include="include\gameObjects\AntibacterialTower.h">
      <Filter>Header Files\GameObjects</Filter>
    </ClInclude>
    <ClInclude Include="include\gameObjects\ChemotherapyTower.h">
      <Filter>Header Files\GameObjects</Filter>
    </ClInclude>
    <ClInclude Include="include\gameObjects\Tower.h">
      <Filter>Header Files\GameObjects</Filter>
    </ClInclude>
    <ClInclude Include="include\gameObjects\WhiteBloodCellTower.h">
      <Filter>Header Files\GameObjects</Filter>
    </ClInclude>
    <ClInclude Include="include\managers\TowerManager.h">
      <Filter>Header Files\Managers</Filter>
    </ClInclude>
    <ClInclude Include="include\utils\ConsoleColor.h">
      <Filter>Header Files\Utils</Filter>
    </ClInclude>
  </ItemGroup>
  <ItemGroup>
    <ClCompile Include="src\Game.cpp">
      <Filter>Source Files</Filter>
    </ClCompile>
    <ClCompile Include="src\Main.cpp">
      <Filter>Source Files</Filter>
    </ClCompile>
    <ClCompile Include="src\views\MainMenu.cpp">
      <Filter>Source Files\Views</Filter>
    </ClCompile>
    <ClCompile Include="src\views\Menu.cpp">
      <Filter>Source Files\Views</Filter>
    </ClCompile>
    <ClCompile Include="src\gameObjects\GameObject.cpp">
      <Filter>Source Files\GameObjects</Filter>
    </ClCompile>
    <ClCompile Include="src\gameStates\GameStatePlay.cpp">
      <Filter>Source Files\GameStates</Filter>
    </ClCompile>
    <ClCompile Include="src\gameStates\GameStateStart.cpp">
      <Filter>Source Files\GameStates</Filter>
    </ClCompile>
    <ClCompile Include="src\managers\GameObjectManager.cpp">
      <Filter>Source Files\Managers</Filter>
    </ClCompile>
    <ClCompile Include="src\managers\TextureManager.cpp">
      <Filter>Source Files\Managers</Filter>
    </ClCompile>
    <ClCompile Include="src\gameStates\GameStateMainMenu.cpp">
      <Filter>Source Files\GameStates</Filter>
    </ClCompile>
    <ClCompile Include="test\TextureManagerTest.cpp">
      <Filter>Source Files\Test</Filter>
    </ClCompile>
    <ClCompile Include="src\gameObjects\Critter.cpp">
      <Filter>Source Files\GameObjects</Filter>
    </ClCompile>
    <ClCompile Include="src\gameObjects\CritterFactory.cpp">
      <Filter>Source Files\GameObjects</Filter>
    </ClCompile>
    <ClCompile Include="src\gameObjects\WhiteCat.cpp">
      <Filter>Source Files\GameObjects</Filter>
    </ClCompile>
    <ClCompile Include="src\utils\AnimationHandler.cpp">
      <Filter>Source Files\Utils</Filter>
    </ClCompile>
    <ClCompile Include="src\utils\Waypoint.cpp">
      <Filter>Source Files\Utils</Filter>
    </ClCompile>
    <ClCompile Include="src\gameObjects\Tile.cpp">
      <Filter>Source Files\GameObjects</Filter>
    </ClCompile>
    <ClCompile Include="src\Map.cpp">
      <Filter>Source Files</Filter>
    </ClCompile>
    <ClCompile Include="src\gameObjects\AntibacterialTower.cpp">
      <Filter>Source Files\GameObjects</Filter>
    </ClCompile>
    <ClCompile Include="src\gameObjects\ChemotherapyTower.cpp">
      <Filter>Source Files\GameObjects</Filter>
    </ClCompile>
    <ClCompile Include="src\gameObjects\Tower.cpp">
      <Filter>Source Files\GameObjects</Filter>
    </ClCompile>
    <ClCompile Include="src\gameObjects\WhiteBloodCellTower.cpp">
      <Filter>Source Files\GameObjects</Filter>
    </ClCompile>
    <ClCompile Include="src\managers\TowerManager.cpp">
      <Filter>Source Files\Managers</Filter>
    </ClCompile>
  </ItemGroup>
  <ItemGroup>
    <Image Include="resources\MainMenuScreen.png">
      <Filter>Resource Files\Images</Filter>
    </Image>
    <Image Include="resources\SplashScreen.png">
      <Filter>Resource Files\Images</Filter>
    </Image>
    <Image Include="resources\images\WhiteCatSpriteSheet.png">
      <Filter>Resource Files\Images</Filter>
    </Image>
    <Image Include="resources\images\towers\AntibacterialTower_0.png">
      <Filter>Resource Files\Images\Towers</Filter>
    </Image>
    <Image Include="resources\images\towers\AntibacterialTower_1.png">
      <Filter>Resource Files\Images\Towers</Filter>
    </Image>
    <Image Include="resources\images\towers\AntibacterialTower_2.png">
      <Filter>Resource Files\Images\Towers</Filter>
    </Image>
    <Image Include="resources\images\towers\ChemotherapyTower_0.png">
      <Filter>Resource Files\Images\Towers</Filter>
    </Image>
    <Image Include="resources\images\towers\ChemotherapyTower_1.png">
      <Filter>Resource Files\Images\Towers</Filter>
    </Image>
    <Image Include="resources\images\towers\ChemotherapyTower_2.png">
      <Filter>Resource Files\Images\Towers</Filter>
    </Image>
    <Image Include="resources\images\towers\WhiteBloodCellTower_0.png">
      <Filter>Resource Files\Images\Towers</Filter>
    </Image>
    <Image Include="resources\images\towers\WhiteBloodCellTower_1.png">
      <Filter>Resource Files\Images\Towers</Filter>
    </Image>
    <Image Include="resources\images\towers\WhiteBloodCellTower_2.png">
      <Filter>Resource Files\Images\Towers</Filter>
    </Image>
  </ItemGroup>
</Project>