
Microsoft Visual Studio Solution File, Format Version 12.00
# Visual Studio 2012
Project("{8BC9CEB8-8B4A-11D0-8D11-00A0C91BC942}") = "jamms", "jamms\jamms.vcxproj", "{AF6D9395-0266-4C0F-A25B-AD5164CA911C}"
EndProject
Global
	GlobalSection(SolutionConfigurationPlatforms) = preSolution
		Debug|Win32 = Debug|Win32
		Release|Win32 = Release|Win32
	EndGlobalSection
	GlobalSection(ProjectConfigurationPlatforms) = postSolution
		{AF6D9395-0266-4C0F-A25B-AD5164CA911C}.Debug|Win32.ActiveCfg = Debug|Win32
		{AF6D9395-0266-4C0F-A25B-AD5164CA911C}.Debug|Win32.Build.0 = Debug|Win32
		{AF6D9395-0266-4C0F-A25B-AD5164CA911C}.Release|Win32.ActiveCfg = Release|Win32
		{AF6D9395-0266-4C0F-A25B-AD5164CA911C}.Release|Win32.Build.0 = Release|Win32
	EndGlobalSection
	GlobalSection(SolutionProperties) = preSolution
		HideSolutionNode = FALSE
	EndGlobalSection
EndGlobal
